// !$*UTF8*$!
{
	archiveVersion = 1;
	classes = {
	};
	objectVersion = 46;
	objects = {

/* Begin PBXBuildFile section */
		92E5D7372ACC083732F295E4 /* Pods.framework in Frameworks */ = {isa = PBXBuildFile; fileRef = 9AB52CE7B95830FAD9561450 /* Pods.framework */; };
		A80DDB2F1CAAB859003EE3B1 /* CoreDataDAO.swift in Sources */ = {isa = PBXBuildFile; fileRef = A80DDB2E1CAAB859003EE3B1 /* CoreDataDAO.swift */; };
		A80DDB311CAABE1C003EE3B1 /* NSManagedObject+Create.swift in Sources */ = {isa = PBXBuildFile; fileRef = A80DDB301CAABE1C003EE3B1 /* NSManagedObject+Create.swift */; };
		A80DDB3A1CAAC1D3003EE3B1 /* Person+CoreDataProperties.swift in Sources */ = {isa = PBXBuildFile; fileRef = A80DDB381CAAC1D3003EE3B1 /* Person+CoreDataProperties.swift */; };
		A80DDB3B1CAAC1D3003EE3B1 /* Person.swift in Sources */ = {isa = PBXBuildFile; fileRef = A80DDB391CAAC1D3003EE3B1 /* Person.swift */; };
		A8330E2B1CAFCF6500F9B0DB /* NTBaseSettingsTableViewHandler.swift in Sources */ = {isa = PBXBuildFile; fileRef = A8330E2A1CAFCF6500F9B0DB /* NTBaseSettingsTableViewHandler.swift */; };
		A8330E2C1CAFCF6500F9B0DB /* NTBaseSettingsTableViewHandler.swift in Sources */ = {isa = PBXBuildFile; fileRef = A8330E2A1CAFCF6500F9B0DB /* NTBaseSettingsTableViewHandler.swift */; };
		A86CF3761CAE45FA007483BC /* NTAudioSystemAudioSourceManager.swift in Sources */ = {isa = PBXBuildFile; fileRef = A86CF3751CAE45FA007483BC /* NTAudioSystemAudioSourceManager.swift */; };
		A88800EA1CB2BA0F0029F171 /* CustomPresent.swift in Sources */ = {isa = PBXBuildFile; fileRef = A88800E91CB2BA0F0029F171 /* CustomPresent.swift */; };
		A88800EB1CB2BA0F0029F171 /* CustomPresent.swift in Sources */ = {isa = PBXBuildFile; fileRef = A88800E91CB2BA0F0029F171 /* CustomPresent.swift */; };
		A893CD8D1CA8F82300697980 /* Main.storyboard in Resources */ = {isa = PBXBuildFile; fileRef = A893CD8B1CA8F82300697980 /* Main.storyboard */; };
		A893CD901CA8F82300697980 /* NoticeMe.xcdatamodeld in Sources */ = {isa = PBXBuildFile; fileRef = A893CD8E1CA8F82300697980 /* NoticeMe.xcdatamodeld */; };
		A893CD921CA8F82300697980 /* Assets.xcassets in Resources */ = {isa = PBXBuildFile; fileRef = A893CD911CA8F82300697980 /* Assets.xcassets */; };
		A893CD951CA8F82300697980 /* LaunchScreen.storyboard in Resources */ = {isa = PBXBuildFile; fileRef = A893CD931CA8F82300697980 /* LaunchScreen.storyboard */; };
		A893CDA01CA8F82300697980 /* NoticeMeTests.swift in Sources */ = {isa = PBXBuildFile; fileRef = A893CD9F1CA8F82300697980 /* NoticeMeTests.swift */; };
		A893CDAD1CA8F93900697980 /* AppDelegate.swift in Sources */ = {isa = PBXBuildFile; fileRef = A893CDAB1CA8F93900697980 /* AppDelegate.swift */; };
		A893CDB11CA8FA5F00697980 /* NTWelcomeViewController.swift in Sources */ = {isa = PBXBuildFile; fileRef = A893CDB01CA8FA5F00697980 /* NTWelcomeViewController.swift */; };
		A893CDB51CA8FCB600697980 /* PublicMethod.swift in Sources */ = {isa = PBXBuildFile; fileRef = A893CDB41CA8FCB600697980 /* PublicMethod.swift */; };
		A893CDB91CA900BB00697980 /* NTAppLifeMgr.swift in Sources */ = {isa = PBXBuildFile; fileRef = A893CDB81CA900BB00697980 /* NTAppLifeMgr.swift */; };
		A893CDBF1CA905ED00697980 /* NTMainMenuViewController.swift in Sources */ = {isa = PBXBuildFile; fileRef = A893CDBE1CA905ED00697980 /* NTMainMenuViewController.swift */; };
		A893CDC11CA907CE00697980 /* NTMainNavgationController.swift in Sources */ = {isa = PBXBuildFile; fileRef = A893CDC01CA907CE00697980 /* NTMainNavgationController.swift */; };
		A893CDCD1CA9278000697980 /* NTCountDownViewController.swift in Sources */ = {isa = PBXBuildFile; fileRef = A893CDCC1CA9278000697980 /* NTCountDownViewController.swift */; };
		A8B293111CB235B8003F00EA /* Disposable.swift in Sources */ = {isa = PBXBuildFile; fileRef = A8B293101CB235B8003F00EA /* Disposable.swift */; };
		A8B293121CB235B8003F00EA /* Disposable.swift in Sources */ = {isa = PBXBuildFile; fileRef = A8B293101CB235B8003F00EA /* Disposable.swift */; };
		A8B293141CB23906003F00EA /* NTMainMenuView.swift in Sources */ = {isa = PBXBuildFile; fileRef = A8B293131CB23906003F00EA /* NTMainMenuView.swift */; };
		A8B293151CB23906003F00EA /* NTMainMenuView.swift in Sources */ = {isa = PBXBuildFile; fileRef = A8B293131CB23906003F00EA /* NTMainMenuView.swift */; };
		A8B293181CB24079003F00EA /* NTMainMenuViewModel.swift in Sources */ = {isa = PBXBuildFile; fileRef = A8B293171CB24079003F00EA /* NTMainMenuViewModel.swift */; };
		A8B293191CB24079003F00EA /* NTMainMenuViewModel.swift in Sources */ = {isa = PBXBuildFile; fileRef = A8B293171CB24079003F00EA /* NTMainMenuViewModel.swift */; };
		A8C7B4FC1CA9796300EFF668 /* NTAddTimerViewController.swift in Sources */ = {isa = PBXBuildFile; fileRef = A8C7B4FB1CA9796300EFF668 /* NTAddTimerViewController.swift */; };
		A8C7B5021CA9803F00EFF668 /* UIViewController+xx.swift in Sources */ = {isa = PBXBuildFile; fileRef = A8C7B5011CA9803F00EFF668 /* UIViewController+xx.swift */; };
		A8C7B5041CA9851100EFF668 /* NTViewController.swift in Sources */ = {isa = PBXBuildFile; fileRef = A8C7B5031CA9851100EFF668 /* NTViewController.swift */; };
		A8DC065B1CAD56A200B671B0 /* UIView+ex.swift in Sources */ = {isa = PBXBuildFile; fileRef = A8DC065A1CAD56A200B671B0 /* UIView+ex.swift */; };
		A8DC065D1CAD56D100B671B0 /* CGRect+ex.swift in Sources */ = {isa = PBXBuildFile; fileRef = A8DC065C1CAD56D100B671B0 /* CGRect+ex.swift */; };
		A8DC065F1CAD56F700B671B0 /* CALayer+ex.swift in Sources */ = {isa = PBXBuildFile; fileRef = A8DC065E1CAD56F700B671B0 /* CALayer+ex.swift */; };
		A8DC06611CAD571400B671B0 /* UIImage+ex.swift in Sources */ = {isa = PBXBuildFile; fileRef = A8DC06601CAD571400B671B0 /* UIImage+ex.swift */; };
		A8DC06631CAD573500B671B0 /* Int+ex.swift in Sources */ = {isa = PBXBuildFile; fileRef = A8DC06621CAD573500B671B0 /* Int+ex.swift */; };
		A8DC06661CAD5C3800B671B0 /* NTAudioManager.swift in Sources */ = {isa = PBXBuildFile; fileRef = A8DC06651CAD5C3800B671B0 /* NTAudioManager.swift */; };
		A8DC067A1CAD7DD700B671B0 /* amrFileCodec.mm in Sources */ = {isa = PBXBuildFile; fileRef = A8DC066D1CAD7DD700B671B0 /* amrFileCodec.mm */; };
		A8DC067B1CAD7DD700B671B0 /* wav.mm in Sources */ = {isa = PBXBuildFile; fileRef = A8DC066F1CAD7DD700B671B0 /* wav.mm */; };
		A8DC067C1CAD7DD700B671B0 /* libopencore-amrnb.a in Frameworks */ = {isa = PBXBuildFile; fileRef = A8DC06731CAD7DD700B671B0 /* libopencore-amrnb.a */; };
		A8DC067D1CAD7DD700B671B0 /* libopencore-amrwb.a in Frameworks */ = {isa = PBXBuildFile; fileRef = A8DC06771CAD7DD700B671B0 /* libopencore-amrwb.a */; };
		A8DC067E1CAD7DD700B671B0 /* NTWavAmrConverter.mm in Sources */ = {isa = PBXBuildFile; fileRef = A8DC06791CAD7DD700B671B0 /* NTWavAmrConverter.mm */; };
		A8DC06801CAD844400B671B0 /* String+ex.swift in Sources */ = {isa = PBXBuildFile; fileRef = A8DC067F1CAD844400B671B0 /* String+ex.swift */; };
		A8F31ACC1CAEA2FF0053B71B /* CGRect+ex.swift in Sources */ = {isa = PBXBuildFile; fileRef = A8DC065C1CAD56D100B671B0 /* CGRect+ex.swift */; };
		A8F31ACD1CAEA2FF0053B71B /* Person.swift in Sources */ = {isa = PBXBuildFile; fileRef = A80DDB391CAAC1D3003EE3B1 /* Person.swift */; };
		A8F31ACE1CAEA2FF0053B71B /* Int+ex.swift in Sources */ = {isa = PBXBuildFile; fileRef = A8DC06621CAD573500B671B0 /* Int+ex.swift */; };
		A8F31ACF1CAEA2FF0053B71B /* NTWavAmrConverter.mm in Sources */ = {isa = PBXBuildFile; fileRef = A8DC06791CAD7DD700B671B0 /* NTWavAmrConverter.mm */; };
		A8F31AD01CAEA2FF0053B71B /* Person+CoreDataProperties.swift in Sources */ = {isa = PBXBuildFile; fileRef = A80DDB381CAAC1D3003EE3B1 /* Person+CoreDataProperties.swift */; };
		A8F31AD11CAEA2FF0053B71B /* wav.mm in Sources */ = {isa = PBXBuildFile; fileRef = A8DC066F1CAD7DD700B671B0 /* wav.mm */; };
		A8F31AD21CAEA2FF0053B71B /* NTMainMenuViewController.swift in Sources */ = {isa = PBXBuildFile; fileRef = A893CDBE1CA905ED00697980 /* NTMainMenuViewController.swift */; };
		A8F31AD31CAEA2FF0053B71B /* NTAppLifeMgr.swift in Sources */ = {isa = PBXBuildFile; fileRef = A893CDB81CA900BB00697980 /* NTAppLifeMgr.swift */; };
		A8F31AD41CAEA2FF0053B71B /* AppDelegate.swift in Sources */ = {isa = PBXBuildFile; fileRef = A893CDAB1CA8F93900697980 /* AppDelegate.swift */; };
		A8F31AD51CAEA2FF0053B71B /* NTMainNavgationController.swift in Sources */ = {isa = PBXBuildFile; fileRef = A893CDC01CA907CE00697980 /* NTMainNavgationController.swift */; };
		A8F31AD61CAEA2FF0053B71B /* UIImage+ex.swift in Sources */ = {isa = PBXBuildFile; fileRef = A8DC06601CAD571400B671B0 /* UIImage+ex.swift */; };
		A8F31AD71CAEA2FF0053B71B /* NTViewController.swift in Sources */ = {isa = PBXBuildFile; fileRef = A8C7B5031CA9851100EFF668 /* NTViewController.swift */; };
		A8F31AD81CAEA2FF0053B71B /* UIViewController+xx.swift in Sources */ = {isa = PBXBuildFile; fileRef = A8C7B5011CA9803F00EFF668 /* UIViewController+xx.swift */; };
		A8F31AD91CAEA2FF0053B71B /* NTCountDownViewController.swift in Sources */ = {isa = PBXBuildFile; fileRef = A893CDCC1CA9278000697980 /* NTCountDownViewController.swift */; };
		A8F31ADA1CAEA2FF0053B71B /* String+ex.swift in Sources */ = {isa = PBXBuildFile; fileRef = A8DC067F1CAD844400B671B0 /* String+ex.swift */; };
		A8F31ADB1CAEA2FF0053B71B /* PublicMethod.swift in Sources */ = {isa = PBXBuildFile; fileRef = A893CDB41CA8FCB600697980 /* PublicMethod.swift */; };
		A8F31ADC1CAEA2FF0053B71B /* NTAddTimerViewController.swift in Sources */ = {isa = PBXBuildFile; fileRef = A8C7B4FB1CA9796300EFF668 /* NTAddTimerViewController.swift */; };
		A8F31ADD1CAEA2FF0053B71B /* UIView+ex.swift in Sources */ = {isa = PBXBuildFile; fileRef = A8DC065A1CAD56A200B671B0 /* UIView+ex.swift */; };
		A8F31ADE1CAEA2FF0053B71B /* amrFileCodec.mm in Sources */ = {isa = PBXBuildFile; fileRef = A8DC066D1CAD7DD700B671B0 /* amrFileCodec.mm */; };
		A8F31ADF1CAEA2FF0053B71B /* NTAudioSystemAudioSourceManager.swift in Sources */ = {isa = PBXBuildFile; fileRef = A86CF3751CAE45FA007483BC /* NTAudioSystemAudioSourceManager.swift */; };
		A8F31AE01CAEA2FF0053B71B /* CoreDataDAO.swift in Sources */ = {isa = PBXBuildFile; fileRef = A80DDB2E1CAAB859003EE3B1 /* CoreDataDAO.swift */; };
		A8F31AE11CAEA2FF0053B71B /* CALayer+ex.swift in Sources */ = {isa = PBXBuildFile; fileRef = A8DC065E1CAD56F700B671B0 /* CALayer+ex.swift */; };
		A8F31AE21CAEA2FF0053B71B /* NoticeMe.xcdatamodeld in Sources */ = {isa = PBXBuildFile; fileRef = A893CD8E1CA8F82300697980 /* NoticeMe.xcdatamodeld */; };
		A8F31AE31CAEA2FF0053B71B /* NSManagedObject+Create.swift in Sources */ = {isa = PBXBuildFile; fileRef = A80DDB301CAABE1C003EE3B1 /* NSManagedObject+Create.swift */; };
		A8F31AE41CAEA2FF0053B71B /* NTAudioManager.swift in Sources */ = {isa = PBXBuildFile; fileRef = A8DC06651CAD5C3800B671B0 /* NTAudioManager.swift */; };
		A8F31AE51CAEA2FF0053B71B /* NTWelcomeViewController.swift in Sources */ = {isa = PBXBuildFile; fileRef = A893CDB01CA8FA5F00697980 /* NTWelcomeViewController.swift */; };
		A8F31AE71CAEA2FF0053B71B /* Pods.framework in Frameworks */ = {isa = PBXBuildFile; fileRef = 9AB52CE7B95830FAD9561450 /* Pods.framework */; };
		A8F31AE81CAEA2FF0053B71B /* libopencore-amrwb.a in Frameworks */ = {isa = PBXBuildFile; fileRef = A8DC06771CAD7DD700B671B0 /* libopencore-amrwb.a */; };
		A8F31AE91CAEA2FF0053B71B /* libopencore-amrnb.a in Frameworks */ = {isa = PBXBuildFile; fileRef = A8DC06731CAD7DD700B671B0 /* libopencore-amrnb.a */; };
		A8F31AEB1CAEA2FF0053B71B /* LaunchScreen.storyboard in Resources */ = {isa = PBXBuildFile; fileRef = A893CD931CA8F82300697980 /* LaunchScreen.storyboard */; };
		A8F31AEC1CAEA2FF0053B71B /* Assets.xcassets in Resources */ = {isa = PBXBuildFile; fileRef = A893CD911CA8F82300697980 /* Assets.xcassets */; };
		A8F31AED1CAEA2FF0053B71B /* Main.storyboard in Resources */ = {isa = PBXBuildFile; fileRef = A893CD8B1CA8F82300697980 /* Main.storyboard */; };
		A8F31AF91CAEC2440053B71B /* NTAppConfiguration.swift in Sources */ = {isa = PBXBuildFile; fileRef = A8F31AF81CAEC2440053B71B /* NTAppConfiguration.swift */; };
		A8F31AFA1CAEC2440053B71B /* NTAppConfiguration.swift in Sources */ = {isa = PBXBuildFile; fileRef = A8F31AF81CAEC2440053B71B /* NTAppConfiguration.swift */; };
/* End PBXBuildFile section */

/* Begin PBXContainerItemProxy section */
		A893CD9C1CA8F82300697980 /* PBXContainerItemProxy */ = {
			isa = PBXContainerItemProxy;
			containerPortal = A893CD7C1CA8F82300697980 /* Project object */;
			proxyType = 1;
			remoteGlobalIDString = A893CD831CA8F82300697980;
			remoteInfo = NoticeMe;
		};
/* End PBXContainerItemProxy section */

/* Begin PBXFileReference section */
		38C2E15ED0AC5C3F6C8F51E4 /* Pods.debug.xcconfig */ = {isa = PBXFileReference; includeInIndex = 1; lastKnownFileType = text.xcconfig; name = Pods.debug.xcconfig; path = "Pods/Target Support Files/Pods/Pods.debug.xcconfig"; sourceTree = "<group>"; };
		8B9A88D24D353600C6A998F4 /* Pods.release.xcconfig */ = {isa = PBXFileReference; includeInIndex = 1; lastKnownFileType = text.xcconfig; name = Pods.release.xcconfig; path = "Pods/Target Support Files/Pods/Pods.release.xcconfig"; sourceTree = "<group>"; };
		9AB52CE7B95830FAD9561450 /* Pods.framework */ = {isa = PBXFileReference; explicitFileType = wrapper.framework; includeInIndex = 0; path = Pods.framework; sourceTree = BUILT_PRODUCTS_DIR; };
		A80DDB2E1CAAB859003EE3B1 /* CoreDataDAO.swift */ = {isa = PBXFileReference; fileEncoding = 4; lastKnownFileType = sourcecode.swift; path = CoreDataDAO.swift; sourceTree = "<group>"; };
		A80DDB301CAABE1C003EE3B1 /* NSManagedObject+Create.swift */ = {isa = PBXFileReference; fileEncoding = 4; lastKnownFileType = sourcecode.swift; path = "NSManagedObject+Create.swift"; sourceTree = "<group>"; };
		A80DDB381CAAC1D3003EE3B1 /* Person+CoreDataProperties.swift */ = {isa = PBXFileReference; fileEncoding = 4; lastKnownFileType = sourcecode.swift; path = "Person+CoreDataProperties.swift"; sourceTree = "<group>"; };
		A80DDB391CAAC1D3003EE3B1 /* Person.swift */ = {isa = PBXFileReference; fileEncoding = 4; lastKnownFileType = sourcecode.swift; path = Person.swift; sourceTree = "<group>"; };
		A8330E2A1CAFCF6500F9B0DB /* NTBaseSettingsTableViewHandler.swift */ = {isa = PBXFileReference; fileEncoding = 4; lastKnownFileType = sourcecode.swift; path = NTBaseSettingsTableViewHandler.swift; sourceTree = "<group>"; };
		A86CF3751CAE45FA007483BC /* NTAudioSystemAudioSourceManager.swift */ = {isa = PBXFileReference; fileEncoding = 4; lastKnownFileType = sourcecode.swift; path = NTAudioSystemAudioSourceManager.swift; sourceTree = "<group>"; };
		A88800E91CB2BA0F0029F171 /* CustomPresent.swift */ = {isa = PBXFileReference; fileEncoding = 4; lastKnownFileType = sourcecode.swift; path = CustomPresent.swift; sourceTree = "<group>"; };
		A893CD841CA8F82300697980 /* NoticeMe.app */ = {isa = PBXFileReference; explicitFileType = wrapper.application; includeInIndex = 0; path = NoticeMe.app; sourceTree = BUILT_PRODUCTS_DIR; };
		A893CD8C1CA8F82300697980 /* Base */ = {isa = PBXFileReference; lastKnownFileType = file.storyboard; name = Base; path = Base.lproj/Main.storyboard; sourceTree = "<group>"; };
		A893CD8F1CA8F82300697980 /* NoticeMe.xcdatamodel */ = {isa = PBXFileReference; lastKnownFileType = wrapper.xcdatamodel; path = NoticeMe.xcdatamodel; sourceTree = "<group>"; };
		A893CD911CA8F82300697980 /* Assets.xcassets */ = {isa = PBXFileReference; lastKnownFileType = folder.assetcatalog; path = Assets.xcassets; sourceTree = "<group>"; };
		A893CD941CA8F82300697980 /* Base */ = {isa = PBXFileReference; lastKnownFileType = file.storyboard; name = Base; path = Base.lproj/LaunchScreen.storyboard; sourceTree = "<group>"; };
		A893CD961CA8F82300697980 /* Info.plist */ = {isa = PBXFileReference; lastKnownFileType = text.plist.xml; path = Info.plist; sourceTree = "<group>"; };
		A893CD9B1CA8F82300697980 /* NoticeMeTests.xctest */ = {isa = PBXFileReference; explicitFileType = wrapper.cfbundle; includeInIndex = 0; path = NoticeMeTests.xctest; sourceTree = BUILT_PRODUCTS_DIR; };
		A893CD9F1CA8F82300697980 /* NoticeMeTests.swift */ = {isa = PBXFileReference; lastKnownFileType = sourcecode.swift; path = NoticeMeTests.swift; sourceTree = "<group>"; };
		A893CDA11CA8F82300697980 /* Info.plist */ = {isa = PBXFileReference; lastKnownFileType = text.plist.xml; path = Info.plist; sourceTree = "<group>"; };
		A893CDAB1CA8F93900697980 /* AppDelegate.swift */ = {isa = PBXFileReference; fileEncoding = 4; lastKnownFileType = sourcecode.swift; path = AppDelegate.swift; sourceTree = "<group>"; };
		A893CDB01CA8FA5F00697980 /* NTWelcomeViewController.swift */ = {isa = PBXFileReference; fileEncoding = 4; lastKnownFileType = sourcecode.swift; path = NTWelcomeViewController.swift; sourceTree = "<group>"; };
		A893CDB41CA8FCB600697980 /* PublicMethod.swift */ = {isa = PBXFileReference; fileEncoding = 4; lastKnownFileType = sourcecode.swift; path = PublicMethod.swift; sourceTree = "<group>"; };
		A893CDB81CA900BB00697980 /* NTAppLifeMgr.swift */ = {isa = PBXFileReference; fileEncoding = 4; lastKnownFileType = sourcecode.swift; path = NTAppLifeMgr.swift; sourceTree = "<group>"; };
		A893CDBE1CA905ED00697980 /* NTMainMenuViewController.swift */ = {isa = PBXFileReference; fileEncoding = 4; lastKnownFileType = sourcecode.swift; path = NTMainMenuViewController.swift; sourceTree = "<group>"; };
		A893CDC01CA907CE00697980 /* NTMainNavgationController.swift */ = {isa = PBXFileReference; fileEncoding = 4; lastKnownFileType = sourcecode.swift; path = NTMainNavgationController.swift; sourceTree = "<group>"; };
		A893CDC41CA923AD00697980 /* NoticeMe-Bridging-Header.h */ = {isa = PBXFileReference; lastKnownFileType = sourcecode.c.h; path = "NoticeMe-Bridging-Header.h"; sourceTree = "<group>"; };
		A893CDCC1CA9278000697980 /* NTCountDownViewController.swift */ = {isa = PBXFileReference; fileEncoding = 4; lastKnownFileType = sourcecode.swift; path = NTCountDownViewController.swift; sourceTree = "<group>"; };
		A8B293101CB235B8003F00EA /* Disposable.swift */ = {isa = PBXFileReference; fileEncoding = 4; lastKnownFileType = sourcecode.swift; path = Disposable.swift; sourceTree = "<group>"; };
		A8B293131CB23906003F00EA /* NTMainMenuView.swift */ = {isa = PBXFileReference; fileEncoding = 4; lastKnownFileType = sourcecode.swift; path = NTMainMenuView.swift; sourceTree = "<group>"; };
		A8B293171CB24079003F00EA /* NTMainMenuViewModel.swift */ = {isa = PBXFileReference; fileEncoding = 4; lastKnownFileType = sourcecode.swift; path = NTMainMenuViewModel.swift; sourceTree = "<group>"; };
		A8C7B4FB1CA9796300EFF668 /* NTAddTimerViewController.swift */ = {isa = PBXFileReference; fileEncoding = 4; lastKnownFileType = sourcecode.swift; path = NTAddTimerViewController.swift; sourceTree = "<group>"; };
		A8C7B5011CA9803F00EFF668 /* UIViewController+xx.swift */ = {isa = PBXFileReference; fileEncoding = 4; lastKnownFileType = sourcecode.swift; path = "UIViewController+xx.swift"; sourceTree = "<group>"; };
		A8C7B5031CA9851100EFF668 /* NTViewController.swift */ = {isa = PBXFileReference; fileEncoding = 4; lastKnownFileType = sourcecode.swift; path = NTViewController.swift; sourceTree = "<group>"; };
		A8DC065A1CAD56A200B671B0 /* UIView+ex.swift */ = {isa = PBXFileReference; fileEncoding = 4; lastKnownFileType = sourcecode.swift; path = "UIView+ex.swift"; sourceTree = "<group>"; };
		A8DC065C1CAD56D100B671B0 /* CGRect+ex.swift */ = {isa = PBXFileReference; fileEncoding = 4; lastKnownFileType = sourcecode.swift; path = "CGRect+ex.swift"; sourceTree = "<group>"; };
		A8DC065E1CAD56F700B671B0 /* CALayer+ex.swift */ = {isa = PBXFileReference; fileEncoding = 4; lastKnownFileType = sourcecode.swift; path = "CALayer+ex.swift"; sourceTree = "<group>"; };
		A8DC06601CAD571400B671B0 /* UIImage+ex.swift */ = {isa = PBXFileReference; fileEncoding = 4; lastKnownFileType = sourcecode.swift; path = "UIImage+ex.swift"; sourceTree = "<group>"; };
		A8DC06621CAD573500B671B0 /* Int+ex.swift */ = {isa = PBXFileReference; fileEncoding = 4; lastKnownFileType = sourcecode.swift; path = "Int+ex.swift"; sourceTree = "<group>"; };
		A8DC06651CAD5C3800B671B0 /* NTAudioManager.swift */ = {isa = PBXFileReference; fileEncoding = 4; lastKnownFileType = sourcecode.swift; path = NTAudioManager.swift; sourceTree = "<group>"; };
		A8DC066C1CAD7DD700B671B0 /* amrFileCodec.h */ = {isa = PBXFileReference; fileEncoding = 4; lastKnownFileType = sourcecode.c.h; path = amrFileCodec.h; sourceTree = "<group>"; };
		A8DC066D1CAD7DD700B671B0 /* amrFileCodec.mm */ = {isa = PBXFileReference; fileEncoding = 4; lastKnownFileType = sourcecode.cpp.objcpp; path = amrFileCodec.mm; sourceTree = "<group>"; };
		A8DC066E1CAD7DD700B671B0 /* wav.h */ = {isa = PBXFileReference; fileEncoding = 4; lastKnownFileType = sourcecode.c.h; path = wav.h; sourceTree = "<group>"; };
		A8DC066F1CAD7DD700B671B0 /* wav.mm */ = {isa = PBXFileReference; fileEncoding = 4; lastKnownFileType = sourcecode.cpp.objcpp; path = wav.mm; sourceTree = "<group>"; };
		A8DC06711CAD7DD700B671B0 /* interf_dec.h */ = {isa = PBXFileReference; fileEncoding = 4; lastKnownFileType = sourcecode.c.h; path = interf_dec.h; sourceTree = "<group>"; };
		A8DC06721CAD7DD700B671B0 /* interf_enc.h */ = {isa = PBXFileReference; fileEncoding = 4; lastKnownFileType = sourcecode.c.h; path = interf_enc.h; sourceTree = "<group>"; };
		A8DC06731CAD7DD700B671B0 /* libopencore-amrnb.a */ = {isa = PBXFileReference; lastKnownFileType = archive.ar; path = "libopencore-amrnb.a"; sourceTree = "<group>"; };
		A8DC06751CAD7DD700B671B0 /* dec_if.h */ = {isa = PBXFileReference; fileEncoding = 4; lastKnownFileType = sourcecode.c.h; path = dec_if.h; sourceTree = "<group>"; };
		A8DC06761CAD7DD700B671B0 /* if_rom.h */ = {isa = PBXFileReference; fileEncoding = 4; lastKnownFileType = sourcecode.c.h; path = if_rom.h; sourceTree = "<group>"; };
		A8DC06771CAD7DD700B671B0 /* libopencore-amrwb.a */ = {isa = PBXFileReference; lastKnownFileType = archive.ar; path = "libopencore-amrwb.a"; sourceTree = "<group>"; };
		A8DC06781CAD7DD700B671B0 /* NTWavAmrConverter.h */ = {isa = PBXFileReference; fileEncoding = 4; lastKnownFileType = sourcecode.c.h; path = NTWavAmrConverter.h; sourceTree = "<group>"; };
		A8DC06791CAD7DD700B671B0 /* NTWavAmrConverter.mm */ = {isa = PBXFileReference; fileEncoding = 4; lastKnownFileType = sourcecode.cpp.objcpp; path = NTWavAmrConverter.mm; sourceTree = "<group>"; };
		A8DC067F1CAD844400B671B0 /* String+ex.swift */ = {isa = PBXFileReference; fileEncoding = 4; lastKnownFileType = sourcecode.swift; path = "String+ex.swift"; sourceTree = "<group>"; };
		A8F31AC81CAEA0270053B71B /* NoticeMe copy-Info.plist */ = {isa = PBXFileReference; lastKnownFileType = text.plist.xml; name = "NoticeMe copy-Info.plist"; path = "/Users/Jrwong/Desktop/code/NoticeMe/NoticeMe copy-Info.plist"; sourceTree = "<absolute>"; };
		A8F31AF31CAEA2FF0053B71B /* NoticeMe-dev.app */ = {isa = PBXFileReference; explicitFileType = wrapper.application; includeInIndex = 0; path = "NoticeMe-dev.app"; sourceTree = BUILT_PRODUCTS_DIR; };
		A8F31AF41CAEA2FF0053B71B /* NoticeMe copy2-Info.plist */ = {isa = PBXFileReference; lastKnownFileType = text.plist.xml; name = "NoticeMe copy2-Info.plist"; path = "/Users/Jrwong/Desktop/code/NoticeMe/NoticeMe copy2-Info.plist"; sourceTree = "<absolute>"; };
		A8F31AF81CAEC2440053B71B /* NTAppConfiguration.swift */ = {isa = PBXFileReference; fileEncoding = 4; lastKnownFileType = sourcecode.swift; path = NTAppConfiguration.swift; sourceTree = "<group>"; };
/* End PBXFileReference section */

/* Begin PBXFrameworksBuildPhase section */
		A893CD811CA8F82300697980 /* Frameworks */ = {
			isa = PBXFrameworksBuildPhase;
			buildActionMask = 2147483647;
			files = (
				92E5D7372ACC083732F295E4 /* Pods.framework in Frameworks */,
				A8DC067D1CAD7DD700B671B0 /* libopencore-amrwb.a in Frameworks */,
				A8DC067C1CAD7DD700B671B0 /* libopencore-amrnb.a in Frameworks */,
			);
			runOnlyForDeploymentPostprocessing = 0;
		};
		A893CD981CA8F82300697980 /* Frameworks */ = {
			isa = PBXFrameworksBuildPhase;
			buildActionMask = 2147483647;
			files = (
			);
			runOnlyForDeploymentPostprocessing = 0;
		};
		A8F31AE61CAEA2FF0053B71B /* Frameworks */ = {
			isa = PBXFrameworksBuildPhase;
			buildActionMask = 2147483647;
			files = (
				A8F31AE71CAEA2FF0053B71B /* Pods.framework in Frameworks */,
				A8F31AE81CAEA2FF0053B71B /* libopencore-amrwb.a in Frameworks */,
				A8F31AE91CAEA2FF0053B71B /* libopencore-amrnb.a in Frameworks */,
			);
			runOnlyForDeploymentPostprocessing = 0;
		};
/* End PBXFrameworksBuildPhase section */

/* Begin PBXGroup section */
		10816DDD9326CAFFAA338D58 /* Frameworks */ = {
			isa = PBXGroup;
			children = (
				9AB52CE7B95830FAD9561450 /* Pods.framework */,
			);
			name = Frameworks;
			sourceTree = "<group>";
		};
		266360338395FFC9361256B8 /* Pods */ = {
			isa = PBXGroup;
			children = (
				38C2E15ED0AC5C3F6C8F51E4 /* Pods.debug.xcconfig */,
				8B9A88D24D353600C6A998F4 /* Pods.release.xcconfig */,
			);
			name = Pods;
			sourceTree = "<group>";
		};
		A80DDB2A1CAAB376003EE3B1 /* DAO */ = {
			isa = PBXGroup;
			children = (
				A80DDB381CAAC1D3003EE3B1 /* Person+CoreDataProperties.swift */,
				A80DDB391CAAC1D3003EE3B1 /* Person.swift */,
				A80DDB2E1CAAB859003EE3B1 /* CoreDataDAO.swift */,
				A80DDB301CAABE1C003EE3B1 /* NSManagedObject+Create.swift */,
			);
			path = DAO;
			sourceTree = "<group>";
		};
		A80DDB2B1CAAB376003EE3B1 /* Networking */ = {
			isa = PBXGroup;
			children = (
			);
			path = Networking;
			sourceTree = "<group>";
		};
		A88800E81CB2BA0F0029F171 /* transitionAnimator */ = {
			isa = PBXGroup;
			children = (
				A88800E91CB2BA0F0029F171 /* CustomPresent.swift */,
			);
			path = transitionAnimator;
			sourceTree = "<group>";
		};
		A893CD7B1CA8F82300697980 = {
			isa = PBXGroup;
			children = (
				A893CD861CA8F82300697980 /* NoticeMe */,
				A893CD9E1CA8F82300697980 /* NoticeMeTests */,
				A893CD851CA8F82300697980 /* Products */,
				266360338395FFC9361256B8 /* Pods */,
				10816DDD9326CAFFAA338D58 /* Frameworks */,
				A8F31AC81CAEA0270053B71B /* NoticeMe copy-Info.plist */,
				A8F31AF41CAEA2FF0053B71B /* NoticeMe copy2-Info.plist */,
			);
			sourceTree = "<group>";
		};
		A893CD851CA8F82300697980 /* Products */ = {
			isa = PBXGroup;
			children = (
				A893CD841CA8F82300697980 /* NoticeMe.app */,
				A893CD9B1CA8F82300697980 /* NoticeMeTests.xctest */,
				A8F31AF31CAEA2FF0053B71B /* NoticeMe-dev.app */,
			);
			name = Products;
			sourceTree = "<group>";
		};
		A893CD861CA8F82300697980 /* NoticeMe */ = {
			isa = PBXGroup;
			children = (
				A893CDAA1CA8F93900697980 /* classes */,
				A893CDAF1CA8F95B00697980 /* supportFiles */,
			);
			path = NoticeMe;
			sourceTree = "<group>";
		};
		A893CD9E1CA8F82300697980 /* NoticeMeTests */ = {
			isa = PBXGroup;
			children = (
				A893CD9F1CA8F82300697980 /* NoticeMeTests.swift */,
				A893CDA11CA8F82300697980 /* Info.plist */,
			);
			path = NoticeMeTests;
			sourceTree = "<group>";
		};
		A893CDAA1CA8F93900697980 /* classes */ = {
			isa = PBXGroup;
			children = (
				A893CDB21CA8FA6E00697980 /* modules */,
				A893CDB31CA8FA6E00697980 /* universal */,
				A80DDB2A1CAAB376003EE3B1 /* DAO */,
				A80DDB2B1CAAB376003EE3B1 /* Networking */,
				A8DC06641CAD5AE100B671B0 /* AudioUtil */,
				A8DC06591CAD567400B671B0 /* extensions */,
				A8DC06691CAD7DD000B671B0 /* thirdparty */,
				A893CDAB1CA8F93900697980 /* AppDelegate.swift */,
				A893CDB01CA8FA5F00697980 /* NTWelcomeViewController.swift */,
				A893CDC41CA923AD00697980 /* NoticeMe-Bridging-Header.h */,
			);
			path = classes;
			sourceTree = "<group>";
		};
		A893CDAF1CA8F95B00697980 /* supportFiles */ = {
			isa = PBXGroup;
			children = (
				A893CD8B1CA8F82300697980 /* Main.storyboard */,
				A893CD911CA8F82300697980 /* Assets.xcassets */,
				A893CD931CA8F82300697980 /* LaunchScreen.storyboard */,
				A893CD961CA8F82300697980 /* Info.plist */,
				A893CD8E1CA8F82300697980 /* NoticeMe.xcdatamodeld */,
			);
			name = supportFiles;
			sourceTree = "<group>";
		};
		A893CDB21CA8FA6E00697980 /* modules */ = {
			isa = PBXGroup;
			children = (
				A8C7B5051CA9895100EFF668 /* settings */,
				A893CDFA1CA92B2600697980 /* addTimer */,
				A893CDC81CA9275900697980 /* countDown */,
				A893CDBA1CA905BE00697980 /* mainMenu */,
			);
			path = modules;
			sourceTree = "<group>";
		};
		A893CDB31CA8FA6E00697980 /* universal */ = {
			isa = PBXGroup;
			children = (
				A8C7B4FD1CA97A6B00EFF668 /* controller */,
				A8C7B4FE1CA97A6B00EFF668 /* view */,
				A893CDB61CA9007100697980 /* mgr */,
				A893CDB71CA9007100697980 /* service */,
				A8F31AF71CAEC22E0053B71B /* model */,
				A8B2930F1CB23599003F00EA /* extension */,
				A893CDB41CA8FCB600697980 /* PublicMethod.swift */,
			);
			path = universal;
			sourceTree = "<group>";
		};
		A893CDB61CA9007100697980 /* mgr */ = {
			isa = PBXGroup;
			children = (
				A893CDB81CA900BB00697980 /* NTAppLifeMgr.swift */,
			);
			path = mgr;
			sourceTree = "<group>";
		};
		A893CDB71CA9007100697980 /* service */ = {
			isa = PBXGroup;
			children = (
			);
			path = service;
			sourceTree = "<group>";
		};
		A893CDBA1CA905BE00697980 /* mainMenu */ = {
			isa = PBXGroup;
			children = (
				A893CDBB1CA905BE00697980 /* controller */,
				A893CDBC1CA905BE00697980 /* service */,
				A893CDBD1CA905BE00697980 /* view */,
				A8B293161CB24066003F00EA /* viewModel */,
			);
			path = mainMenu;
			sourceTree = "<group>";
		};
		A893CDBB1CA905BE00697980 /* controller */ = {
			isa = PBXGroup;
			children = (
				A893CDBE1CA905ED00697980 /* NTMainMenuViewController.swift */,
				A893CDC01CA907CE00697980 /* NTMainNavgationController.swift */,
			);
			path = controller;
			sourceTree = "<group>";
		};
		A893CDBC1CA905BE00697980 /* service */ = {
			isa = PBXGroup;
			children = (
			);
			path = service;
			sourceTree = "<group>";
		};
		A893CDBD1CA905BE00697980 /* view */ = {
			isa = PBXGroup;
			children = (
				A8B293131CB23906003F00EA /* NTMainMenuView.swift */,
			);
			path = view;
			sourceTree = "<group>";
		};
		A893CDC81CA9275900697980 /* countDown */ = {
			isa = PBXGroup;
			children = (
				A893CDC91CA9275900697980 /* controller */,
				A893CDCA1CA9275900697980 /* service */,
				A893CDCB1CA9275900697980 /* view */,
				A88800E81CB2BA0F0029F171 /* transitionAnimator */,
			);
			path = countDown;
			sourceTree = "<group>";
		};
		A893CDC91CA9275900697980 /* controller */ = {
			isa = PBXGroup;
			children = (
				A893CDCC1CA9278000697980 /* NTCountDownViewController.swift */,
			);
			path = controller;
			sourceTree = "<group>";
		};
		A893CDCA1CA9275900697980 /* service */ = {
			isa = PBXGroup;
			children = (
			);
			path = service;
			sourceTree = "<group>";
		};
		A893CDCB1CA9275900697980 /* view */ = {
			isa = PBXGroup;
			children = (
			);
			path = view;
			sourceTree = "<group>";
		};
		A893CDFA1CA92B2600697980 /* addTimer */ = {
			isa = PBXGroup;
			children = (
				A893CDFB1CA92B2600697980 /* controller */,
				A893CDFC1CA92B2600697980 /* service */,
				A893CDFD1CA92B2600697980 /* view */,
			);
			path = addTimer;
			sourceTree = "<group>";
		};
		A893CDFB1CA92B2600697980 /* controller */ = {
			isa = PBXGroup;
			children = (
				A8C7B4FB1CA9796300EFF668 /* NTAddTimerViewController.swift */,
			);
			path = controller;
			sourceTree = "<group>";
		};
		A893CDFC1CA92B2600697980 /* service */ = {
			isa = PBXGroup;
			children = (
			);
			path = service;
			sourceTree = "<group>";
		};
		A893CDFD1CA92B2600697980 /* view */ = {
			isa = PBXGroup;
			children = (
			);
			path = view;
			sourceTree = "<group>";
		};
		A8B2930F1CB23599003F00EA /* extension */ = {
			isa = PBXGroup;
			children = (
				A8B293101CB235B8003F00EA /* Disposable.swift */,
			);
			path = extension;
			sourceTree = "<group>";
		};
		A8B293161CB24066003F00EA /* viewModel */ = {
			isa = PBXGroup;
			children = (
				A8B293171CB24079003F00EA /* NTMainMenuViewModel.swift */,
			);
			path = viewModel;
			sourceTree = "<group>";
		};
		A8C7B4FD1CA97A6B00EFF668 /* controller */ = {
			isa = PBXGroup;
			children = (
				A8C7B5011CA9803F00EFF668 /* UIViewController+xx.swift */,
				A8C7B5031CA9851100EFF668 /* NTViewController.swift */,
			);
			path = controller;
			sourceTree = "<group>";
		};
		A8C7B4FE1CA97A6B00EFF668 /* view */ = {
			isa = PBXGroup;
			children = (
			);
			path = view;
			sourceTree = "<group>";
		};
		A8C7B5051CA9895100EFF668 /* settings */ = {
			isa = PBXGroup;
			children = (
				A8C7B5061CA9895100EFF668 /* controller */,
				A8C7B5071CA9895100EFF668 /* service */,
				A8C7B5081CA9895100EFF668 /* view */,
			);
			path = settings;
			sourceTree = "<group>";
		};
		A8C7B5061CA9895100EFF668 /* controller */ = {
			isa = PBXGroup;
			children = (
			);
			path = controller;
			sourceTree = "<group>";
		};
		A8C7B5071CA9895100EFF668 /* service */ = {
			isa = PBXGroup;
			children = (
			);
			path = service;
			sourceTree = "<group>";
		};
		A8C7B5081CA9895100EFF668 /* view */ = {
			isa = PBXGroup;
			children = (
			);
			path = view;
			sourceTree = "<group>";
		};
		A8DC06591CAD567400B671B0 /* extensions */ = {
			isa = PBXGroup;
			children = (
				A8DC065A1CAD56A200B671B0 /* UIView+ex.swift */,
				A8DC065C1CAD56D100B671B0 /* CGRect+ex.swift */,
				A8DC06601CAD571400B671B0 /* UIImage+ex.swift */,
				A8DC065E1CAD56F700B671B0 /* CALayer+ex.swift */,
				A8DC06621CAD573500B671B0 /* Int+ex.swift */,
				A8DC067F1CAD844400B671B0 /* String+ex.swift */,
			);
			path = extensions;
			sourceTree = "<group>";
		};
		A8DC06641CAD5AE100B671B0 /* AudioUtil */ = {
			isa = PBXGroup;
			children = (
				A8DC06651CAD5C3800B671B0 /* NTAudioManager.swift */,
				A86CF3751CAE45FA007483BC /* NTAudioSystemAudioSourceManager.swift */,
			);
			path = AudioUtil;
			sourceTree = "<group>";
		};
		A8DC06691CAD7DD000B671B0 /* thirdparty */ = {
			isa = PBXGroup;
			children = (
				A8DC066A1CAD7DD700B671B0 /* wav-amr */,
			);
			path = thirdparty;
			sourceTree = "<group>";
		};
		A8DC066A1CAD7DD700B671B0 /* wav-amr */ = {
			isa = PBXGroup;
			children = (
				A8DC066B1CAD7DD700B671B0 /* amrwapper */,
				A8DC06701CAD7DD700B671B0 /* opencore-amrnb */,
				A8DC06741CAD7DD700B671B0 /* opencore-amrwb */,
				A8DC06781CAD7DD700B671B0 /* NTWavAmrConverter.h */,
				A8DC06791CAD7DD700B671B0 /* NTWavAmrConverter.mm */,
			);
			path = "wav-amr";
			sourceTree = "<group>";
		};
		A8DC066B1CAD7DD700B671B0 /* amrwapper */ = {
			isa = PBXGroup;
			children = (
				A8DC066C1CAD7DD700B671B0 /* amrFileCodec.h */,
				A8DC066D1CAD7DD700B671B0 /* amrFileCodec.mm */,
				A8DC066E1CAD7DD700B671B0 /* wav.h */,
				A8DC066F1CAD7DD700B671B0 /* wav.mm */,
			);
			path = amrwapper;
			sourceTree = "<group>";
		};
		A8DC06701CAD7DD700B671B0 /* opencore-amrnb */ = {
			isa = PBXGroup;
			children = (
				A8DC06711CAD7DD700B671B0 /* interf_dec.h */,
				A8DC06721CAD7DD700B671B0 /* interf_enc.h */,
				A8DC06731CAD7DD700B671B0 /* libopencore-amrnb.a */,
			);
			path = "opencore-amrnb";
			sourceTree = "<group>";
		};
		A8DC06741CAD7DD700B671B0 /* opencore-amrwb */ = {
			isa = PBXGroup;
			children = (
				A8DC06751CAD7DD700B671B0 /* dec_if.h */,
				A8DC06761CAD7DD700B671B0 /* if_rom.h */,
				A8DC06771CAD7DD700B671B0 /* libopencore-amrwb.a */,
			);
			path = "opencore-amrwb";
			sourceTree = "<group>";
		};
		A8F31AF71CAEC22E0053B71B /* model */ = {
			isa = PBXGroup;
			children = (
				A8F31AF81CAEC2440053B71B /* NTAppConfiguration.swift */,
				A8330E2A1CAFCF6500F9B0DB /* NTBaseSettingsTableViewHandler.swift */,
			);
			path = model;
			sourceTree = "<group>";
		};
/* End PBXGroup section */

/* Begin PBXNativeTarget section */
		A893CD831CA8F82300697980 /* NoticeMe */ = {
			isa = PBXNativeTarget;
			buildConfigurationList = A893CDA41CA8F82300697980 /* Build configuration list for PBXNativeTarget "NoticeMe" */;
			buildPhases = (
				543010116CD0CEB6FEE5819F /* Check Pods Manifest.lock */,
				A893CD801CA8F82300697980 /* Sources */,
				A893CD811CA8F82300697980 /* Frameworks */,
				A893CD821CA8F82300697980 /* Resources */,
				51B47B9BB20CB94EDE2896DC /* Embed Pods Frameworks */,
				AE293EF83B9160AE6F27848D /* Copy Pods Resources */,
			);
			buildRules = (
			);
			dependencies = (
			);
			name = NoticeMe;
			productName = NoticeMe;
			productReference = A893CD841CA8F82300697980 /* NoticeMe.app */;
			productType = "com.apple.product-type.application";
		};
		A893CD9A1CA8F82300697980 /* NoticeMeTests */ = {
			isa = PBXNativeTarget;
			buildConfigurationList = A893CDA71CA8F82300697980 /* Build configuration list for PBXNativeTarget "NoticeMeTests" */;
			buildPhases = (
				A893CD971CA8F82300697980 /* Sources */,
				A893CD981CA8F82300697980 /* Frameworks */,
				A893CD991CA8F82300697980 /* Resources */,
			);
			buildRules = (
			);
			dependencies = (
				A893CD9D1CA8F82300697980 /* PBXTargetDependency */,
			);
			name = NoticeMeTests;
			productName = NoticeMeTests;
			productReference = A893CD9B1CA8F82300697980 /* NoticeMeTests.xctest */;
			productType = "com.apple.product-type.bundle.unit-test";
		};
		A8F31AC91CAEA2FF0053B71B /* NoticeMe-dev */ = {
			isa = PBXNativeTarget;
			buildConfigurationList = A8F31AF01CAEA2FF0053B71B /* Build configuration list for PBXNativeTarget "NoticeMe-dev" */;
			buildPhases = (
				A8F31ACA1CAEA2FF0053B71B /* Check Pods Manifest.lock */,
				A8F31ACB1CAEA2FF0053B71B /* Sources */,
				A8F31AE61CAEA2FF0053B71B /* Frameworks */,
				A8F31AEA1CAEA2FF0053B71B /* Resources */,
				A8F31AEE1CAEA2FF0053B71B /* Embed Pods Frameworks */,
				A8F31AEF1CAEA2FF0053B71B /* Copy Pods Resources */,
			);
			buildRules = (
			);
			dependencies = (
			);
			name = "NoticeMe-dev";
			productName = NoticeMe;
			productReference = A8F31AF31CAEA2FF0053B71B /* NoticeMe-dev.app */;
			productType = "com.apple.product-type.application";
		};
/* End PBXNativeTarget section */

/* Begin PBXProject section */
		A893CD7C1CA8F82300697980 /* Project object */ = {
			isa = PBXProject;
			attributes = {
				LastSwiftUpdateCheck = 0720;
				LastUpgradeCheck = 0720;
				ORGANIZATIONNAME = "王俊仁";
				TargetAttributes = {
					A893CD831CA8F82300697980 = {
						CreatedOnToolsVersion = 7.2;
						DevelopmentTeam = FJ535WN7FW;
					};
					A893CD9A1CA8F82300697980 = {
						CreatedOnToolsVersion = 7.2;
						TestTargetID = A893CD831CA8F82300697980;
					};
					A8F31AC91CAEA2FF0053B71B = {
						DevelopmentTeam = FJ535WN7FW;
					};
				};
			};
			buildConfigurationList = A893CD7F1CA8F82300697980 /* Build configuration list for PBXProject "NoticeMe" */;
			compatibilityVersion = "Xcode 3.2";
			developmentRegion = English;
			hasScannedForEncodings = 0;
			knownRegions = (
				en,
				Base,
			);
			mainGroup = A893CD7B1CA8F82300697980;
			productRefGroup = A893CD851CA8F82300697980 /* Products */;
			projectDirPath = "";
			projectRoot = "";
			targets = (
				A893CD831CA8F82300697980 /* NoticeMe */,
				A8F31AC91CAEA2FF0053B71B /* NoticeMe-dev */,
				A893CD9A1CA8F82300697980 /* NoticeMeTests */,
			);
		};
/* End PBXProject section */

/* Begin PBXResourcesBuildPhase section */
		A893CD821CA8F82300697980 /* Resources */ = {
			isa = PBXResourcesBuildPhase;
			buildActionMask = 2147483647;
			files = (
				A893CD951CA8F82300697980 /* LaunchScreen.storyboard in Resources */,
				A893CD921CA8F82300697980 /* Assets.xcassets in Resources */,
				A893CD8D1CA8F82300697980 /* Main.storyboard in Resources */,
			);
			runOnlyForDeploymentPostprocessing = 0;
		};
		A893CD991CA8F82300697980 /* Resources */ = {
			isa = PBXResourcesBuildPhase;
			buildActionMask = 2147483647;
			files = (
			);
			runOnlyForDeploymentPostprocessing = 0;
		};
		A8F31AEA1CAEA2FF0053B71B /* Resources */ = {
			isa = PBXResourcesBuildPhase;
			buildActionMask = 2147483647;
			files = (
				A8F31AEB1CAEA2FF0053B71B /* LaunchScreen.storyboard in Resources */,
				A8F31AEC1CAEA2FF0053B71B /* Assets.xcassets in Resources */,
				A8F31AED1CAEA2FF0053B71B /* Main.storyboard in Resources */,
			);
			runOnlyForDeploymentPostprocessing = 0;
		};
/* End PBXResourcesBuildPhase section */

/* Begin PBXShellScriptBuildPhase section */
		51B47B9BB20CB94EDE2896DC /* Embed Pods Frameworks */ = {
			isa = PBXShellScriptBuildPhase;
			buildActionMask = 2147483647;
			files = (
			);
			inputPaths = (
			);
			name = "Embed Pods Frameworks";
			outputPaths = (
			);
			runOnlyForDeploymentPostprocessing = 0;
			shellPath = /bin/sh;
			shellScript = "\"${SRCROOT}/Pods/Target Support Files/Pods/Pods-frameworks.sh\"\n";
			showEnvVarsInLog = 0;
		};
		543010116CD0CEB6FEE5819F /* Check Pods Manifest.lock */ = {
			isa = PBXShellScriptBuildPhase;
			buildActionMask = 2147483647;
			files = (
			);
			inputPaths = (
			);
			name = "Check Pods Manifest.lock";
			outputPaths = (
			);
			runOnlyForDeploymentPostprocessing = 0;
			shellPath = /bin/sh;
			shellScript = "diff \"${PODS_ROOT}/../Podfile.lock\" \"${PODS_ROOT}/Manifest.lock\" > /dev/null\nif [[ $? != 0 ]] ; then\n    cat << EOM\nerror: The sandbox is not in sync with the Podfile.lock. Run 'pod install' or update your CocoaPods installation.\nEOM\n    exit 1\nfi\n";
			showEnvVarsInLog = 0;
		};
		A8F31ACA1CAEA2FF0053B71B /* Check Pods Manifest.lock */ = {
			isa = PBXShellScriptBuildPhase;
			buildActionMask = 2147483647;
			files = (
			);
			inputPaths = (
			);
			name = "Check Pods Manifest.lock";
			outputPaths = (
			);
			runOnlyForDeploymentPostprocessing = 0;
			shellPath = /bin/sh;
			shellScript = "diff \"${PODS_ROOT}/../Podfile.lock\" \"${PODS_ROOT}/Manifest.lock\" > /dev/null\nif [[ $? != 0 ]] ; then\n    cat << EOM\nerror: The sandbox is not in sync with the Podfile.lock. Run 'pod install' or update your CocoaPods installation.\nEOM\n    exit 1\nfi\n";
			showEnvVarsInLog = 0;
		};
		A8F31AEE1CAEA2FF0053B71B /* Embed Pods Frameworks */ = {
			isa = PBXShellScriptBuildPhase;
			buildActionMask = 2147483647;
			files = (
			);
			inputPaths = (
			);
			name = "Embed Pods Frameworks";
			outputPaths = (
			);
			runOnlyForDeploymentPostprocessing = 0;
			shellPath = /bin/sh;
			shellScript = "\"${SRCROOT}/Pods/Target Support Files/Pods/Pods-frameworks.sh\"\n";
			showEnvVarsInLog = 0;
		};
		A8F31AEF1CAEA2FF0053B71B /* Copy Pods Resources */ = {
			isa = PBXShellScriptBuildPhase;
			buildActionMask = 2147483647;
			files = (
			);
			inputPaths = (
			);
			name = "Copy Pods Resources";
			outputPaths = (
			);
			runOnlyForDeploymentPostprocessing = 0;
			shellPath = /bin/sh;
			shellScript = "\"${SRCROOT}/Pods/Target Support Files/Pods/Pods-resources.sh\"\n";
			showEnvVarsInLog = 0;
		};
		AE293EF83B9160AE6F27848D /* Copy Pods Resources */ = {
			isa = PBXShellScriptBuildPhase;
			buildActionMask = 2147483647;
			files = (
			);
			inputPaths = (
			);
			name = "Copy Pods Resources";
			outputPaths = (
			);
			runOnlyForDeploymentPostprocessing = 0;
			shellPath = /bin/sh;
			shellScript = "\"${SRCROOT}/Pods/Target Support Files/Pods/Pods-resources.sh\"\n";
			showEnvVarsInLog = 0;
		};
/* End PBXShellScriptBuildPhase section */

/* Begin PBXSourcesBuildPhase section */
		A893CD801CA8F82300697980 /* Sources */ = {
			isa = PBXSourcesBuildPhase;
			buildActionMask = 2147483647;
			files = (
				A8DC065D1CAD56D100B671B0 /* CGRect+ex.swift in Sources */,
				A80DDB3B1CAAC1D3003EE3B1 /* Person.swift in Sources */,
				A8DC06631CAD573500B671B0 /* Int+ex.swift in Sources */,
				A8DC067E1CAD7DD700B671B0 /* NTWavAmrConverter.mm in Sources */,
				A80DDB3A1CAAC1D3003EE3B1 /* Person+CoreDataProperties.swift in Sources */,
				A8DC067B1CAD7DD700B671B0 /* wav.mm in Sources */,
				A893CDBF1CA905ED00697980 /* NTMainMenuViewController.swift in Sources */,
				A893CDB91CA900BB00697980 /* NTAppLifeMgr.swift in Sources */,
				A893CDAD1CA8F93900697980 /* AppDelegate.swift in Sources */,
				A893CDC11CA907CE00697980 /* NTMainNavgationController.swift in Sources */,
				A88800EA1CB2BA0F0029F171 /* CustomPresent.swift in Sources */,
				A8DC06611CAD571400B671B0 /* UIImage+ex.swift in Sources */,
				A8F31AF91CAEC2440053B71B /* NTAppConfiguration.swift in Sources */,
				A8C7B5041CA9851100EFF668 /* NTViewController.swift in Sources */,
				A8C7B5021CA9803F00EFF668 /* UIViewController+xx.swift in Sources */,
				A8330E2B1CAFCF6500F9B0DB /* NTBaseSettingsTableViewHandler.swift in Sources */,
				A893CDCD1CA9278000697980 /* NTCountDownViewController.swift in Sources */,
				A8B293141CB23906003F00EA /* NTMainMenuView.swift in Sources */,
				A8B293111CB235B8003F00EA /* Disposable.swift in Sources */,
				A8B293181CB24079003F00EA /* NTMainMenuViewModel.swift in Sources */,
				A8DC06801CAD844400B671B0 /* String+ex.swift in Sources */,
				A893CDB51CA8FCB600697980 /* PublicMethod.swift in Sources */,
				A8C7B4FC1CA9796300EFF668 /* NTAddTimerViewController.swift in Sources */,
				A8DC065B1CAD56A200B671B0 /* UIView+ex.swift in Sources */,
				A8DC067A1CAD7DD700B671B0 /* amrFileCodec.mm in Sources */,
				A86CF3761CAE45FA007483BC /* NTAudioSystemAudioSourceManager.swift in Sources */,
				A80DDB2F1CAAB859003EE3B1 /* CoreDataDAO.swift in Sources */,
				A8DC065F1CAD56F700B671B0 /* CALayer+ex.swift in Sources */,
				A893CD901CA8F82300697980 /* NoticeMe.xcdatamodeld in Sources */,
				A80DDB311CAABE1C003EE3B1 /* NSManagedObject+Create.swift in Sources */,
				A8DC06661CAD5C3800B671B0 /* NTAudioManager.swift in Sources */,
				A893CDB11CA8FA5F00697980 /* NTWelcomeViewController.swift in Sources */,
			);
			runOnlyForDeploymentPostprocessing = 0;
		};
		A893CD971CA8F82300697980 /* Sources */ = {
			isa = PBXSourcesBuildPhase;
			buildActionMask = 2147483647;
			files = (
				A893CDA01CA8F82300697980 /* NoticeMeTests.swift in Sources */,
			);
			runOnlyForDeploymentPostprocessing = 0;
		};
		A8F31ACB1CAEA2FF0053B71B /* Sources */ = {
			isa = PBXSourcesBuildPhase;
			buildActionMask = 2147483647;
			files = (
				A8F31ACC1CAEA2FF0053B71B /* CGRect+ex.swift in Sources */,
				A8F31ACD1CAEA2FF0053B71B /* Person.swift in Sources */,
				A8F31ACE1CAEA2FF0053B71B /* Int+ex.swift in Sources */,
				A8F31ACF1CAEA2FF0053B71B /* NTWavAmrConverter.mm in Sources */,
				A8F31AD01CAEA2FF0053B71B /* Person+CoreDataProperties.swift in Sources */,
				A8F31AD11CAEA2FF0053B71B /* wav.mm in Sources */,
				A8F31AD21CAEA2FF0053B71B /* NTMainMenuViewController.swift in Sources */,
				A8F31AD31CAEA2FF0053B71B /* NTAppLifeMgr.swift in Sources */,
				A8F31AD41CAEA2FF0053B71B /* AppDelegate.swift in Sources */,
				A8F31AD51CAEA2FF0053B71B /* NTMainNavgationController.swift in Sources */,
				A88800EB1CB2BA0F0029F171 /* CustomPresent.swift in Sources */,
				A8F31AD61CAEA2FF0053B71B /* UIImage+ex.swift in Sources */,
				A8F31AFA1CAEC2440053B71B /* NTAppConfiguration.swift in Sources */,
				A8F31AD71CAEA2FF0053B71B /* NTViewController.swift in Sources */,
				A8F31AD81CAEA2FF0053B71B /* UIViewController+xx.swift in Sources */,
				A8330E2C1CAFCF6500F9B0DB /* NTBaseSettingsTableViewHandler.swift in Sources */,
				A8F31AD91CAEA2FF0053B71B /* NTCountDownViewController.swift in Sources */,
				A8B293151CB23906003F00EA /* NTMainMenuView.swift in Sources */,
				A8B293121CB235B8003F00EA /* Disposable.swift in Sources */,
				A8B293191CB24079003F00EA /* NTMainMenuViewModel.swift in Sources */,
				A8F31ADA1CAEA2FF0053B71B /* String+ex.swift in Sources */,
				A8F31ADB1CAEA2FF0053B71B /* PublicMethod.swift in Sources */,
				A8F31ADC1CAEA2FF0053B71B /* NTAddTimerViewController.swift in Sources */,
				A8F31ADD1CAEA2FF0053B71B /* UIView+ex.swift in Sources */,
				A8F31ADE1CAEA2FF0053B71B /* amrFileCodec.mm in Sources */,
				A8F31ADF1CAEA2FF0053B71B /* NTAudioSystemAudioSourceManager.swift in Sources */,
				A8F31AE01CAEA2FF0053B71B /* CoreDataDAO.swift in Sources */,
				A8F31AE11CAEA2FF0053B71B /* CALayer+ex.swift in Sources */,
				A8F31AE21CAEA2FF0053B71B /* NoticeMe.xcdatamodeld in Sources */,
				A8F31AE31CAEA2FF0053B71B /* NSManagedObject+Create.swift in Sources */,
				A8F31AE41CAEA2FF0053B71B /* NTAudioManager.swift in Sources */,
				A8F31AE51CAEA2FF0053B71B /* NTWelcomeViewController.swift in Sources */,
			);
			runOnlyForDeploymentPostprocessing = 0;
		};
/* End PBXSourcesBuildPhase section */

/* Begin PBXTargetDependency section */
		A893CD9D1CA8F82300697980 /* PBXTargetDependency */ = {
			isa = PBXTargetDependency;
			target = A893CD831CA8F82300697980 /* NoticeMe */;
			targetProxy = A893CD9C1CA8F82300697980 /* PBXContainerItemProxy */;
		};
/* End PBXTargetDependency section */

/* Begin PBXVariantGroup section */
		A893CD8B1CA8F82300697980 /* Main.storyboard */ = {
			isa = PBXVariantGroup;
			children = (
				A893CD8C1CA8F82300697980 /* Base */,
			);
			name = Main.storyboard;
			sourceTree = "<group>";
		};
		A893CD931CA8F82300697980 /* LaunchScreen.storyboard */ = {
			isa = PBXVariantGroup;
			children = (
				A893CD941CA8F82300697980 /* Base */,
			);
			name = LaunchScreen.storyboard;
			sourceTree = "<group>";
		};
/* End PBXVariantGroup section */

/* Begin XCBuildConfiguration section */
		A893CDA21CA8F82300697980 /* Debug */ = {
			isa = XCBuildConfiguration;
			buildSettings = {
				ALWAYS_SEARCH_USER_PATHS = NO;
				CLANG_CXX_LANGUAGE_STANDARD = "gnu++0x";
				CLANG_CXX_LIBRARY = "libc++";
				CLANG_ENABLE_MODULES = YES;
				CLANG_ENABLE_OBJC_ARC = YES;
				CLANG_WARN_BOOL_CONVERSION = YES;
				CLANG_WARN_CONSTANT_CONVERSION = YES;
				CLANG_WARN_DIRECT_OBJC_ISA_USAGE = YES_ERROR;
				CLANG_WARN_EMPTY_BODY = YES;
				CLANG_WARN_ENUM_CONVERSION = YES;
				CLANG_WARN_INT_CONVERSION = YES;
				CLANG_WARN_OBJC_ROOT_CLASS = YES_ERROR;
				CLANG_WARN_UNREACHABLE_CODE = YES;
				CLANG_WARN__DUPLICATE_METHOD_MATCH = YES;
				"CODE_SIGN_IDENTITY[sdk=iphoneos*]" = "iPhone Developer";
				COPY_PHASE_STRIP = NO;
				DEBUG_INFORMATION_FORMAT = dwarf;
				ENABLE_STRICT_OBJC_MSGSEND = YES;
				ENABLE_TESTABILITY = YES;
				GCC_C_LANGUAGE_STANDARD = gnu99;
				GCC_DYNAMIC_NO_PIC = NO;
				GCC_NO_COMMON_BLOCKS = YES;
				GCC_OPTIMIZATION_LEVEL = 0;
				GCC_PREPROCESSOR_DEFINITIONS = (
					"DEBUG=1",
					"$(inherited)",
				);
				GCC_WARN_64_TO_32_BIT_CONVERSION = YES;
				GCC_WARN_ABOUT_RETURN_TYPE = YES_ERROR;
				GCC_WARN_UNDECLARED_SELECTOR = YES;
				GCC_WARN_UNINITIALIZED_AUTOS = YES_AGGRESSIVE;
				GCC_WARN_UNUSED_FUNCTION = YES;
				GCC_WARN_UNUSED_VARIABLE = YES;
				IPHONEOS_DEPLOYMENT_TARGET = 9.2;
				MTL_ENABLE_DEBUG_INFO = YES;
				ONLY_ACTIVE_ARCH = YES;
				SDKROOT = iphoneos;
				SWIFT_OPTIMIZATION_LEVEL = "-Onone";
				TARGETED_DEVICE_FAMILY = "1,2";
			};
			name = Debug;
		};
		A893CDA31CA8F82300697980 /* Release */ = {
			isa = XCBuildConfiguration;
			buildSettings = {
				ALWAYS_SEARCH_USER_PATHS = NO;
				CLANG_CXX_LANGUAGE_STANDARD = "gnu++0x";
				CLANG_CXX_LIBRARY = "libc++";
				CLANG_ENABLE_MODULES = YES;
				CLANG_ENABLE_OBJC_ARC = YES;
				CLANG_WARN_BOOL_CONVERSION = YES;
				CLANG_WARN_CONSTANT_CONVERSION = YES;
				CLANG_WARN_DIRECT_OBJC_ISA_USAGE = YES_ERROR;
				CLANG_WARN_EMPTY_BODY = YES;
				CLANG_WARN_ENUM_CONVERSION = YES;
				CLANG_WARN_INT_CONVERSION = YES;
				CLANG_WARN_OBJC_ROOT_CLASS = YES_ERROR;
				CLANG_WARN_UNREACHABLE_CODE = YES;
				CLANG_WARN__DUPLICATE_METHOD_MATCH = YES;
				"CODE_SIGN_IDENTITY[sdk=iphoneos*]" = "iPhone Developer";
				COPY_PHASE_STRIP = NO;
				DEBUG_INFORMATION_FORMAT = "dwarf-with-dsym";
				ENABLE_NS_ASSERTIONS = NO;
				ENABLE_STRICT_OBJC_MSGSEND = YES;
				GCC_C_LANGUAGE_STANDARD = gnu99;
				GCC_NO_COMMON_BLOCKS = YES;
				GCC_WARN_64_TO_32_BIT_CONVERSION = YES;
				GCC_WARN_ABOUT_RETURN_TYPE = YES_ERROR;
				GCC_WARN_UNDECLARED_SELECTOR = YES;
				GCC_WARN_UNINITIALIZED_AUTOS = YES_AGGRESSIVE;
				GCC_WARN_UNUSED_FUNCTION = YES;
				GCC_WARN_UNUSED_VARIABLE = YES;
				IPHONEOS_DEPLOYMENT_TARGET = 9.2;
				MTL_ENABLE_DEBUG_INFO = NO;
				SDKROOT = iphoneos;
				TARGETED_DEVICE_FAMILY = "1,2";
				VALIDATE_PRODUCT = YES;
			};
			name = Release;
		};
		A893CDA51CA8F82300697980 /* Debug */ = {
			isa = XCBuildConfiguration;
			baseConfigurationReference = 38C2E15ED0AC5C3F6C8F51E4 /* Pods.debug.xcconfig */;
			buildSettings = {
				ASSETCATALOG_COMPILER_APPICON_NAME = AppIcon;
				CLANG_ENABLE_MODULES = YES;
				CODE_SIGN_IDENTITY = "iPhone Developer";
				ENABLE_BITCODE = NO;
				INFOPLIST_FILE = NoticeMe/Info.plist;
				IPHONEOS_DEPLOYMENT_TARGET = 8.0;
				LD_RUNPATH_SEARCH_PATHS = "$(inherited) @executable_path/Frameworks";
				LIBRARY_SEARCH_PATHS = (
					"$(inherited)",
					"$(PROJECT_DIR)/NoticeMe/classes/thirdparty/wav-amr/opencore-amrnb",
					"$(PROJECT_DIR)/NoticeMe/classes/thirdparty/wav-amr/opencore-amrwb",
				);
				PRODUCT_BUNDLE_IDENTIFIER = jrwong.NoticeMe;
				PRODUCT_NAME = "$(TARGET_NAME)";
				SWIFT_OBJC_BRIDGING_HEADER = "NoticeMe/classes/NoticeMe-Bridging-Header.h";
				SWIFT_OPTIMIZATION_LEVEL = "-Onone";
				TARGETED_DEVICE_FAMILY = 1;
			};
			name = Debug;
		};
		A893CDA61CA8F82300697980 /* Release */ = {
			isa = XCBuildConfiguration;
			baseConfigurationReference = 8B9A88D24D353600C6A998F4 /* Pods.release.xcconfig */;
			buildSettings = {
				ASSETCATALOG_COMPILER_APPICON_NAME = AppIcon;
				CLANG_ENABLE_MODULES = YES;
				CODE_SIGN_IDENTITY = "iPhone Developer";
				ENABLE_BITCODE = NO;
				INFOPLIST_FILE = NoticeMe/Info.plist;
				IPHONEOS_DEPLOYMENT_TARGET = 8.0;
				LD_RUNPATH_SEARCH_PATHS = "$(inherited) @executable_path/Frameworks";
				LIBRARY_SEARCH_PATHS = (
					"$(inherited)",
					"$(PROJECT_DIR)/NoticeMe/classes/thirdparty/wav-amr/opencore-amrnb",
					"$(PROJECT_DIR)/NoticeMe/classes/thirdparty/wav-amr/opencore-amrwb",
				);
				PRODUCT_BUNDLE_IDENTIFIER = jrwong.NoticeMe;
				PRODUCT_NAME = "$(TARGET_NAME)";
				SWIFT_OBJC_BRIDGING_HEADER = "NoticeMe/classes/NoticeMe-Bridging-Header.h";
				TARGETED_DEVICE_FAMILY = 1;
			};
			name = Release;
		};
		A893CDA81CA8F82300697980 /* Debug */ = {
			isa = XCBuildConfiguration;
			buildSettings = {
				BUNDLE_LOADER = "$(TEST_HOST)";
				INFOPLIST_FILE = NoticeMeTests/Info.plist;
				LD_RUNPATH_SEARCH_PATHS = "$(inherited) @executable_path/Frameworks @loader_path/Frameworks";
				PRODUCT_BUNDLE_IDENTIFIER = jrwong.NoticeMeTests;
				PRODUCT_NAME = "$(TARGET_NAME)";
				TEST_HOST = "$(BUILT_PRODUCTS_DIR)/NoticeMe.app/NoticeMe";
			};
			name = Debug;
		};
		A893CDA91CA8F82300697980 /* Release */ = {
			isa = XCBuildConfiguration;
			buildSettings = {
				BUNDLE_LOADER = "$(TEST_HOST)";
				INFOPLIST_FILE = NoticeMeTests/Info.plist;
				LD_RUNPATH_SEARCH_PATHS = "$(inherited) @executable_path/Frameworks @loader_path/Frameworks";
				PRODUCT_BUNDLE_IDENTIFIER = jrwong.NoticeMeTests;
				PRODUCT_NAME = "$(TARGET_NAME)";
				TEST_HOST = "$(BUILT_PRODUCTS_DIR)/NoticeMe.app/NoticeMe";
			};
			name = Release;
		};
		A8F31AF11CAEA2FF0053B71B /* Debug */ = {
			isa = XCBuildConfiguration;
			baseConfigurationReference = 38C2E15ED0AC5C3F6C8F51E4 /* Pods.debug.xcconfig */;
			buildSettings = {
				ASSETCATALOG_COMPILER_APPICON_NAME = AppIcon;
				CLANG_ENABLE_MODULES = YES;
				CODE_SIGN_IDENTITY = "iPhone Developer";
				"CODE_SIGN_IDENTITY[sdk=iphoneos*]" = "iPhone Developer";
				ENABLE_BITCODE = NO;
				INFOPLIST_FILE = "NoticeMe-dev-Info.plist";
				IPHONEOS_DEPLOYMENT_TARGET = 8.0;
				LD_RUNPATH_SEARCH_PATHS = "$(inherited) @executable_path/Frameworks";
				LIBRARY_SEARCH_PATHS = (
					"$(inherited)",
					"$(PROJECT_DIR)/NoticeMe/classes/thirdparty/wav-amr/opencore-amrnb",
					"$(PROJECT_DIR)/NoticeMe/classes/thirdparty/wav-amr/opencore-amrwb",
				);
				OTHER_SWIFT_FLAGS = "$(inherited) \"-D\" \"COCOAPODS\" -DDEVELOPMENT";
				PRODUCT_BUNDLE_IDENTIFIER = "jrwong.NoticeMe-dev";
				PRODUCT_NAME = "$(TARGET_NAME)";
				PROVISIONING_PROFILE = "";
				SWIFT_OBJC_BRIDGING_HEADER = "NoticeMe/classes/NoticeMe-Bridging-Header.h";
				SWIFT_OPTIMIZATION_LEVEL = "-Onone";
				TARGETED_DEVICE_FAMILY = 1;
			};
			name = Debug;
		};
		A8F31AF21CAEA2FF0053B71B /* Release */ = {
			isa = XCBuildConfiguration;
			baseConfigurationReference = 8B9A88D24D353600C6A998F4 /* Pods.release.xcconfig */;
			buildSettings = {
				ASSETCATALOG_COMPILER_APPICON_NAME = AppIcon;
				CLANG_ENABLE_MODULES = YES;
				CODE_SIGN_IDENTITY = "iPhone Developer";
				"CODE_SIGN_IDENTITY[sdk=iphoneos*]" = "iPhone Developer";
				ENABLE_BITCODE = NO;
				INFOPLIST_FILE = "NoticeMe-dev-Info.plist";
				IPHONEOS_DEPLOYMENT_TARGET = 8.0;
				LD_RUNPATH_SEARCH_PATHS = "$(inherited) @executable_path/Frameworks";
				LIBRARY_SEARCH_PATHS = (
					"$(inherited)",
					"$(PROJECT_DIR)/NoticeMe/classes/thirdparty/wav-amr/opencore-amrnb",
					"$(PROJECT_DIR)/NoticeMe/classes/thirdparty/wav-amr/opencore-amrwb",
				);
				OTHER_SWIFT_FLAGS = "$(inherited) \"-D\" \"COCOAPODS\" -DDEVELOPMENT";
				PRODUCT_BUNDLE_IDENTIFIER = "jrwong.NoticeMe-dev";
				PRODUCT_NAME = "$(TARGET_NAME)";
				PROVISIONING_PROFILE = "";
				SWIFT_OBJC_BRIDGING_HEADER = "NoticeMe/classes/NoticeMe-Bridging-Header.h";
				TARGETED_DEVICE_FAMILY = 1;
			};
			name = Release;
		};
/* End XCBuildConfiguration section */

/* Begin XCConfigurationList section */
		A893CD7F1CA8F82300697980 /* Build configuration list for PBXProject "NoticeMe" */ = {
			isa = XCConfigurationList;
			buildConfigurations = (
				A893CDA21CA8F82300697980 /* Debug */,
				A893CDA31CA8F82300697980 /* Release */,
			);
			defaultConfigurationIsVisible = 0;
			defaultConfigurationName = Release;
		};
		A893CDA41CA8F82300697980 /* Build configuration list for PBXNativeTarget "NoticeMe" */ = {
			isa = XCConfigurationList;
			buildConfigurations = (
				A893CDA51CA8F82300697980 /* Debug */,
				A893CDA61CA8F82300697980 /* Release */,
			);
			defaultConfigurationIsVisible = 0;
			defaultConfigurationName = Release;
		};
		A893CDA71CA8F82300697980 /* Build configuration list for PBXNativeTarget "NoticeMeTests" */ = {
			isa = XCConfigurationList;
			buildConfigurations = (
				A893CDA81CA8F82300697980 /* Debug */,
				A893CDA91CA8F82300697980 /* Release */,
			);
			defaultConfigurationIsVisible = 0;
			defaultConfigurationName = Release;
		};
		A8F31AF01CAEA2FF0053B71B /* Build configuration list for PBXNativeTarget "NoticeMe-dev" */ = {
			isa = XCConfigurationList;
			buildConfigurations = (
				A8F31AF11CAEA2FF0053B71B /* Debug */,
				A8F31AF21CAEA2FF0053B71B /* Release */,
			);
			defaultConfigurationIsVisible = 0;
			defaultConfigurationName = Release;
		};
/* End XCConfigurationList section */

/* Begin XCVersionGroup section */
		A893CD8E1CA8F82300697980 /* NoticeMe.xcdatamodeld */ = {
			isa = XCVersionGroup;
			children = (
				A893CD8F1CA8F82300697980 /* NoticeMe.xcdatamodel */,
			);
			currentVersion = A893CD8F1CA8F82300697980 /* NoticeMe.xcdatamodel */;
			path = NoticeMe.xcdatamodeld;
			sourceTree = "<group>";
			versionGroupType = wrapper.xcdatamodel;
		};
/* End XCVersionGroup section */
	};
	rootObject = A893CD7C1CA8F82300697980 /* Project object */;
}
